// !$*UTF8*$!
{
	archiveVersion = 1;
	classes = {
	};
	objectVersion = 50;
	objects = {

/* Begin PBXBuildFile section */
		A0B55BFC1074BBD1B9B4B144 /* Pods_Zip.framework in Frameworks */ = {isa = PBXBuildFile; fileRef = B31DAE082CF1A2C0FD7D9119 /* Pods_Zip.framework */; };
		B93E445021C38200008ECCEB /* AppDelegate.swift in Sources */ = {isa = PBXBuildFile; fileRef = B93E444F21C38200008ECCEB /* AppDelegate.swift */; };
		B93E445221C38200008ECCEB /* ViewController.swift in Sources */ = {isa = PBXBuildFile; fileRef = B93E445121C38200008ECCEB /* ViewController.swift */; };
		B93E445521C38200008ECCEB /* Main.storyboard in Resources */ = {isa = PBXBuildFile; fileRef = B93E445321C38200008ECCEB /* Main.storyboard */; };
		B93E445721C38201008ECCEB /* Assets.xcassets in Resources */ = {isa = PBXBuildFile; fileRef = B93E445621C38201008ECCEB /* Assets.xcassets */; };
		B93E445A21C38201008ECCEB /* LaunchScreen.storyboard in Resources */ = {isa = PBXBuildFile; fileRef = B93E445821C38201008ECCEB /* LaunchScreen.storyboard */; };
		B93E446221C39447008ECCEB /* UserService.swift in Sources */ = {isa = PBXBuildFile; fileRef = B93E446121C39447008ECCEB /* UserService.swift */; };
		B93E446421C39558008ECCEB /* Photo.swift in Sources */ = {isa = PBXBuildFile; fileRef = B93E446321C39558008ECCEB /* Photo.swift */; };
/* End PBXBuildFile section */

/* Begin PBXFileReference section */
		0674593F8A1C87B6A7EBEB5E /* Pods-Zip.release.xcconfig */ = {isa = PBXFileReference; includeInIndex = 1; lastKnownFileType = text.xcconfig; name = "Pods-Zip.release.xcconfig"; path = "Pods/Target Support Files/Pods-Zip/Pods-Zip.release.xcconfig"; sourceTree = "<group>"; };
		B31DAE082CF1A2C0FD7D9119 /* Pods_Zip.framework */ = {isa = PBXFileReference; explicitFileType = wrapper.framework; includeInIndex = 0; path = Pods_Zip.framework; sourceTree = BUILT_PRODUCTS_DIR; };
		B93E444C21C38200008ECCEB /* Zip.app */ = {isa = PBXFileReference; explicitFileType = wrapper.application; includeInIndex = 0; path = Zip.app; sourceTree = BUILT_PRODUCTS_DIR; };
		B93E444F21C38200008ECCEB /* AppDelegate.swift */ = {isa = PBXFileReference; lastKnownFileType = sourcecode.swift; path = AppDelegate.swift; sourceTree = "<group>"; };
		B93E445121C38200008ECCEB /* ViewController.swift */ = {isa = PBXFileReference; lastKnownFileType = sourcecode.swift; path = ViewController.swift; sourceTree = "<group>"; };
		B93E445421C38200008ECCEB /* Base */ = {isa = PBXFileReference; lastKnownFileType = file.storyboard; name = Base; path = Base.lproj/Main.storyboard; sourceTree = "<group>"; };
		B93E445621C38201008ECCEB /* Assets.xcassets */ = {isa = PBXFileReference; lastKnownFileType = folder.assetcatalog; path = Assets.xcassets; sourceTree = "<group>"; };
		B93E445921C38201008ECCEB /* Base */ = {isa = PBXFileReference; lastKnownFileType = file.storyboard; name = Base; path = Base.lproj/LaunchScreen.storyboard; sourceTree = "<group>"; };
		B93E445B21C38201008ECCEB /* Info.plist */ = {isa = PBXFileReference; lastKnownFileType = text.plist.xml; path = Info.plist; sourceTree = "<group>"; };
		B93E446121C39447008ECCEB /* UserService.swift */ = {isa = PBXFileReference; lastKnownFileType = sourcecode.swift; path = UserService.swift; sourceTree = "<group>"; };
		B93E446321C39558008ECCEB /* Photo.swift */ = {isa = PBXFileReference; lastKnownFileType = sourcecode.swift; path = Photo.swift; sourceTree = "<group>"; };
		BFBA7EF7272600C29563E6DB /* Pods-Zip.debug.xcconfig */ = {isa = PBXFileReference; includeInIndex = 1; lastKnownFileType = text.xcconfig; name = "Pods-Zip.debug.xcconfig"; path = "Pods/Target Support Files/Pods-Zip/Pods-Zip.debug.xcconfig"; sourceTree = "<group>"; };
/* End PBXFileReference section */

/* Begin PBXFrameworksBuildPhase section */
		B93E444921C38200008ECCEB /* Frameworks */ = {
			isa = PBXFrameworksBuildPhase;
			buildActionMask = 2147483647;
			files = (
				A0B55BFC1074BBD1B9B4B144 /* Pods_Zip.framework in Frameworks */,
			);
			runOnlyForDeploymentPostprocessing = 0;
		};
/* End PBXFrameworksBuildPhase section */

/* Begin PBXGroup section */
		B93E444321C38200008ECCEB = {
			isa = PBXGroup;
			children = (
				B93E444E21C38200008ECCEB /* Zip */,
				B93E444D21C38200008ECCEB /* Products */,
				EBE9065AB6DD52A2AE1D8C13 /* Pods */,
				E3EFDBFBBE2A77D01BBA926B /* Frameworks */,
			);
			sourceTree = "<group>";
		};
		B93E444D21C38200008ECCEB /* Products */ = {
			isa = PBXGroup;
			children = (
				B93E444C21C38200008ECCEB /* Zip.app */,
			);
			name = Products;
			sourceTree = "<group>";
		};
		B93E444E21C38200008ECCEB /* Zip */ = {
			isa = PBXGroup;
			children = (
				B93E444F21C38200008ECCEB /* AppDelegate.swift */,
				B93E446121C39447008ECCEB /* UserService.swift */,
				B93E445121C38200008ECCEB /* ViewController.swift */,
				B93E445321C38200008ECCEB /* Main.storyboard */,
				B93E445621C38201008ECCEB /* Assets.xcassets */,
				B93E445821C38201008ECCEB /* LaunchScreen.storyboard */,
				B93E445B21C38201008ECCEB /* Info.plist */,
				B93E446321C39558008ECCEB /* Photo.swift */,
			);
			path = Zip;
			sourceTree = "<group>";
		};
		E3EFDBFBBE2A77D01BBA926B /* Frameworks */ = {
			isa = PBXGroup;
			children = (
				B31DAE082CF1A2C0FD7D9119 /* Pods_Zip.framework */,
			);
			name = Frameworks;
			sourceTree = "<group>";
		};
		EBE9065AB6DD52A2AE1D8C13 /* Pods */ = {
			isa = PBXGroup;
			children = (
				BFBA7EF7272600C29563E6DB /* Pods-Zip.debug.xcconfig */,
				0674593F8A1C87B6A7EBEB5E /* Pods-Zip.release.xcconfig */,
			);
			name = Pods;
			sourceTree = "<group>";
		};
/* End PBXGroup section */

/* Begin PBXNativeTarget section */
		B93E444B21C38200008ECCEB /* Zip */ = {
			isa = PBXNativeTarget;
			buildConfigurationList = B93E445E21C38201008ECCEB /* Build configuration list for PBXNativeTarget "Zip" */;
			buildPhases = (
				3A9EB2566097010C34536006 /* [CP] Check Pods Manifest.lock */,
				B93E444821C38200008ECCEB /* Sources */,
				B93E444921C38200008ECCEB /* Frameworks */,
				B93E444A21C38200008ECCEB /* Resources */,
				2EB8DC234A72B5EADFC5C69B /* [CP] Embed Pods Frameworks */,
			);
			buildRules = (
			);
			dependencies = (
			);
			name = Zip;
			productName = Zip;
			productReference = B93E444C21C38200008ECCEB /* Zip.app */;
			productType = "com.apple.product-type.application";
		};
/* End PBXNativeTarget section */

/* Begin PBXProject section */
		B93E444421C38200008ECCEB /* Project object */ = {
			isa = PBXProject;
			attributes = {
				LastSwiftUpdateCheck = 1010;
				LastUpgradeCheck = 1010;
				ORGANIZATIONNAME = Chris;
				TargetAttributes = {
					B93E444B21C38200008ECCEB = {
						CreatedOnToolsVersion = 10.1;
					};
				};
			};
			buildConfigurationList = B93E444721C38200008ECCEB /* Build configuration list for PBXProject "Zip" */;
			compatibilityVersion = "Xcode 9.3";
			developmentRegion = en;
			hasScannedForEncodings = 0;
			knownRegions = (
				en,
				Base,
			);
			mainGroup = B93E444321C38200008ECCEB;
			productRefGroup = B93E444D21C38200008ECCEB /* Products */;
			projectDirPath = "";
			projectRoot = "";
			targets = (
				B93E444B21C38200008ECCEB /* Zip */,
			);
		};
/* End PBXProject section */

/* Begin PBXResourcesBuildPhase section */
		B93E444A21C38200008ECCEB /* Resources */ = {
			isa = PBXResourcesBuildPhase;
			buildActionMask = 2147483647;
			files = (
				B93E445A21C38201008ECCEB /* LaunchScreen.storyboard in Resources */,
				B93E445721C38201008ECCEB /* Assets.xcassets in Resources */,
				B93E445521C38200008ECCEB /* Main.storyboard in Resources */,
			);
			runOnlyForDeploymentPostprocessing = 0;
		};
/* End PBXResourcesBuildPhase section */

/* Begin PBXShellScriptBuildPhase section */
		2EB8DC234A72B5EADFC5C69B /* [CP] Embed Pods Frameworks */ = {
			isa = PBXShellScriptBuildPhase;
			buildActionMask = 2147483647;
			files = (
			);
			inputFileListPaths = (
			);
			inputPaths = (
				"${SRCROOT}/Pods/Target Support Files/Pods-Zip/Pods-Zip-frameworks.sh",
				"${BUILT_PRODUCTS_DIR}/RxCocoa/RxCocoa.framework",
				"${BUILT_PRODUCTS_DIR}/RxSwift/RxSwift.framework",
			);
			name = "[CP] Embed Pods Frameworks";
			outputFileListPaths = (
			);
			outputPaths = (
				"${TARGET_BUILD_DIR}/${FRAMEWORKS_FOLDER_PATH}/RxCocoa.framework",
				"${TARGET_BUILD_DIR}/${FRAMEWORKS_FOLDER_PATH}/RxSwift.framework",
			);
			runOnlyForDeploymentPostprocessing = 0;
			shellPath = /bin/sh;
			shellScript = "\"${SRCROOT}/Pods/Target Support Files/Pods-Zip/Pods-Zip-frameworks.sh\"\n";
			showEnvVarsInLog = 0;
		};
		3A9EB2566097010C34536006 /* [CP] Check Pods Manifest.lock */ = {
			isa = PBXShellScriptBuildPhase;
			buildActionMask = 2147483647;
			files = (
			);
			inputFileListPaths = (
			);
			inputPaths = (
				"${PODS_PODFILE_DIR_PATH}/Podfile.lock",
				"${PODS_ROOT}/Manifest.lock",
			);
			name = "[CP] Check Pods Manifest.lock";
			outputFileListPaths = (
			);
			outputPaths = (
				"$(DERIVED_FILE_DIR)/Pods-Zip-checkManifestLockResult.txt",
			);
			runOnlyForDeploymentPostprocessing = 0;
			shellPath = /bin/sh;
			shellScript = "diff \"${PODS_PODFILE_DIR_PATH}/Podfile.lock\" \"${PODS_ROOT}/Manifest.lock\" > /dev/null\nif [ $? != 0 ] ; then\n    # print error to STDERR\n    echo \"error: The sandbox is not in sync with the Podfile.lock. Run 'pod install' or update your CocoaPods installation.\" >&2\n    exit 1\nfi\n# This output is used by Xcode 'outputs' to avoid re-running this script phase.\necho \"SUCCESS\" > \"${SCRIPT_OUTPUT_FILE_0}\"\n";
			showEnvVarsInLog = 0;
		};
/* End PBXShellScriptBuildPhase section */

/* Begin PBXSourcesBuildPhase section */
		B93E444821C38200008ECCEB /* Sources */ = {
			isa = PBXSourcesBuildPhase;
			buildActionMask = 2147483647;
			files = (
				B93E446421C39558008ECCEB /* Photo.swift in Sources */,
				B93E445221C38200008ECCEB /* ViewController.swift in Sources */,
				B93E445021C38200008ECCEB /* AppDelegate.swift in Sources */,
				B93E446221C39447008ECCEB /* UserService.swift in Sources */,
			);
			runOnlyForDeploymentPostprocessing = 0;
		};
/* End PBXSourcesBuildPhase section */

/* Begin PBXVariantGroup section */
		B93E445321C38200008ECCEB /* Main.storyboard */ = {
			isa = PBXVariantGroup;
			children = (
				B93E445421C38200008ECCEB /* Base */,
			);
			name = Main.storyboard;
			sourceTree = "<group>";
		};
		B93E445821C38201008ECCEB /* LaunchScreen.storyboard */ = {
			isa = PBXVariantGroup;
			children = (
				B93E445921C38201008ECCEB /* Base */,
			);
			name = LaunchScreen.storyboard;
			sourceTree = "<group>";
		};
/* End PBXVariantGroup section */

/* Begin XCBuildConfiguration section */
		B93E445C21C38201008ECCEB /* Debug */ = {
			isa = XCBuildConfiguration;
			buildSettings = {
				ALWAYS_SEARCH_USER_PATHS = NO;
				CLANG_ANALYZER_NONNULL = YES;
				CLANG_ANALYZER_NUMBER_OBJECT_CONVERSION = YES_AGGRESSIVE;
				CLANG_CXX_LANGUAGE_STANDARD = "gnu++14";
				CLANG_CXX_LIBRARY = "libc++";
				CLANG_ENABLE_MODULES = YES;
				CLANG_ENABLE_OBJC_ARC = YES;
				CLANG_ENABLE_OBJC_WEAK = YES;
				CLANG_WARN_BLOCK_CAPTURE_AUTORELEASING = YES;
				CLANG_WARN_BOOL_CONVERSION = YES;
				CLANG_WARN_COMMA = YES;
				CLANG_WARN_CONSTANT_CONVERSION = YES;
				CLANG_WARN_DEPRECATED_OBJC_IMPLEMENTATIONS = YES;
				CLANG_WARN_DIRECT_OBJC_ISA_USAGE = YES_ERROR;
				CLANG_WARN_DOCUMENTATION_COMMENTS = YES;
				CLANG_WARN_EMPTY_BODY = YES;
				CLANG_WARN_ENUM_CONVERSION = YES;
				CLANG_WARN_INFINITE_RECURSION = YES;
				CLANG_WARN_INT_CONVERSION = YES;
				CLANG_WARN_NON_LITERAL_NULL_CONVERSION = YES;
				CLANG_WARN_OBJC_IMPLICIT_RETAIN_SELF = YES;
				CLANG_WARN_OBJC_LITERAL_CONVERSION = YES;
				CLANG_WARN_OBJC_ROOT_CLASS = YES_ERROR;
				CLANG_WARN_RANGE_LOOP_ANALYSIS = YES;
				CLANG_WARN_STRICT_PROTOTYPES = YES;
				CLANG_WARN_SUSPICIOUS_MOVE = YES;
				CLANG_WARN_UNGUARDED_AVAILABILITY = YES_AGGRESSIVE;
				CLANG_WARN_UNREACHABLE_CODE = YES;
				CLANG_WARN__DUPLICATE_METHOD_MATCH = YES;
				CODE_SIGN_IDENTITY = "iPhone Developer";
				COPY_PHASE_STRIP = NO;
				DEBUG_INFORMATION_FORMAT = dwarf;
				ENABLE_STRICT_OBJC_MSGSEND = YES;
				ENABLE_TESTABILITY = YES;
				GCC_C_LANGUAGE_STANDARD = gnu11;
				GCC_DYNAMIC_NO_PIC = NO;
				GCC_NO_COMMON_BLOCKS = YES;
				GCC_OPTIMIZATION_LEVEL = 0;
				GCC_PREPROCESSOR_DEFINITIONS = (
					"DEBUG=1",
					"$(inherited)",
				);
				GCC_WARN_64_TO_32_BIT_CONVERSION = YES;
				GCC_WARN_ABOUT_RETURN_TYPE = YES_ERROR;
				GCC_WARN_UNDECLARED_SELECTOR = YES;
				GCC_WARN_UNINITIALIZED_AUTOS = YES_AGGRESSIVE;
				GCC_WARN_UNUSED_FUNCTION = YES;
				GCC_WARN_UNUSED_VARIABLE = YES;
				IPHONEOS_DEPLOYMENT_TARGET = 12.1;
				MTL_ENABLE_DEBUG_INFO = INCLUDE_SOURCE;
				MTL_FAST_MATH = YES;
				ONLY_ACTIVE_ARCH = YES;
				SDKROOT = iphoneos;
				SWIFT_ACTIVE_COMPILATION_CONDITIONS = DEBUG;
				SWIFT_OPTIMIZATION_LEVEL = "-Onone";
			};
			name = Debug;
		};
		B93E445D21C38201008ECCEB /* Release */ = {
			isa = XCBuildConfiguration;
			buildSettings = {
				ALWAYS_SEARCH_USER_PATHS = NO;
				CLANG_ANALYZER_NONNULL = YES;
				CLANG_ANALYZER_NUMBER_OBJECT_CONVERSION = YES_AGGRESSIVE;
				CLANG_CXX_LANGUAGE_STANDARD = "gnu++14";
				CLANG_CXX_LIBRARY = "libc++";
				CLANG_ENABLE_MODULES = YES;
				CLANG_ENABLE_OBJC_ARC = YES;
				CLANG_ENABLE_OBJC_WEAK = YES;
				CLANG_WARN_BLOCK_CAPTURE_AUTORELEASING = YES;
				CLANG_WARN_BOOL_CONVERSION = YES;
				CLANG_WARN_COMMA = YES;
				CLANG_WARN_CONSTANT_CONVERSION = YES;
				CLANG_WARN_DEPRECATED_OBJC_IMPLEMENTATIONS = YES;
				CLANG_WARN_DIRECT_OBJC_ISA_USAGE = YES_ERROR;
				CLANG_WARN_DOCUMENTATION_COMMENTS = YES;
				CLANG_WARN_EMPTY_BODY = YES;
				CLANG_WARN_ENUM_CONVERSION = YES;
				CLANG_WARN_INFINITE_RECURSION = YES;
				CLANG_WARN_INT_CONVERSION = YES;
				CLANG_WARN_NON_LITERAL_NULL_CONVERSION = YES;
				CLANG_WARN_OBJC_IMPLICIT_RETAIN_SELF = YES;
				CLANG_WARN_OBJC_LITERAL_CONVERSION = YES;
				CLANG_WARN_OBJC_ROOT_CLASS = YES_ERROR;
				CLANG_WARN_RANGE_LOOP_ANALYSIS = YES;
				CLANG_WARN_STRICT_PROTOTYPES = YES;
				CLANG_WARN_SUSPICIOUS_MOVE = YES;
				CLANG_WARN_UNGUARDED_AVAILABILITY = YES_AGGRESSIVE;
				CLANG_WARN_UNREACHABLE_CODE = YES;
				CLANG_WARN__DUPLICATE_METHOD_MATCH = YES;
				CODE_SIGN_IDENTITY = "iPhone Developer";
				COPY_PHASE_STRIP = NO;
				DEBUG_INFORMATION_FORMAT = "dwarf-with-dsym";
				ENABLE_NS_ASSERTIONS = NO;
				ENABLE_STRICT_OBJC_MSGSEND = YES;
				GCC_C_LANGUAGE_STANDARD = gnu11;
				GCC_NO_COMMON_BLOCKS = YES;
				GCC_WARN_64_TO_32_BIT_CONVERSION = YES;
				GCC_WARN_ABOUT_RETURN_TYPE = YES_ERROR;
				GCC_WARN_UNDECLARED_SELECTOR = YES;
				GCC_WARN_UNINITIALIZED_AUTOS = YES_AGGRESSIVE;
				GCC_WARN_UNUSED_FUNCTION = YES;
				GCC_WARN_UNUSED_VARIABLE = YES;
				IPHONEOS_DEPLOYMENT_TARGET = 12.1;
				MTL_ENABLE_DEBUG_INFO = NO;
				MTL_FAST_MATH = YES;
				SDKROOT = iphoneos;
				SWIFT_COMPILATION_MODE = wholemodule;
				SWIFT_OPTIMIZATION_LEVEL = "-O";
				VALIDATE_PRODUCT = YES;
			};
			name = Release;
		};
		B93E445F21C38201008ECCEB /* Debug */ = {
			isa = XCBuildConfiguration;
			baseConfigurationReference = BFBA7EF7272600C29563E6DB /* Pods-Zip.debug.xcconfig */;
			buildSettings = {
				ASSETCATALOG_COMPILER_APPICON_NAME = AppIcon;
				CODE_SIGN_STYLE = Automatic;
				DEVELOPMENT_TEAM = 37BZLLD35D;
				INFOPLIST_FILE = Zip/Info.plist;
				LD_RUNPATH_SEARCH_PATHS = (
					"$(inherited)",
					"@executable_path/Frameworks",
				);
				PRODUCT_BUNDLE_IDENTIFIER = io.csie.chris.Zip;
				PRODUCT_NAME = "$(TARGET_NAME)";
				SWIFT_VERSION = 4.2;
				TARGETED_DEVICE_FAMILY = "1,2";
			};
			name = Debug;
		};
		B93E446021C38201008ECCEB /* Release */ = {
			isa = XCBuildConfiguration;
			baseConfigurationReference = 0674593F8A1C87B6A7EBEB5E /* Pods-Zip.release.xcconfig */;
			buildSettings = {
				ASSETCATALOG_COMPILER_APPICON_NAME = AppIcon;
				CODE_SIGN_STYLE = Automatic;
				DEVELOPMENT_TEAM = 37BZLLD35D;
				INFOPLIST_FILE = Zip/Info.plist;
				LD_RUNPATH_SEARCH_PATHS = (
					"$(inherited)",
					"@executable_path/Frameworks",
				);
				PRODUCT_BUNDLE_IDENTIFIER = io.csie.chris.Zip;
				PRODUCT_NAME = "$(TARGET_NAME)";
				SWIFT_VERSION = 4.2;
				TARGETED_DEVICE_FAMILY = "1,2";
			};
			name = Release;
		};
/* End XCBuildConfiguration section */

/* Begin XCConfigurationList section */
		B93E444721C38200008ECCEB /* Build configuration list for PBXProject "Zip" */ = {
			isa = XCConfigurationList;
			buildConfigurations = (
				B93E445C21C38201008ECCEB /* Debug */,
				B93E445D21C38201008ECCEB /* Release */,
			);
			defaultConfigurationIsVisible = 0;
			defaultConfigurationName = Release;
		};
		B93E445E21C38201008ECCEB /* Build configuration list for PBXNativeTarget "Zip" */ = {
			isa = XCConfigurationList;
			buildConfigurations = (
				B93E445F21C38201008ECCEB /* Debug */,
				B93E446021C38201008ECCEB /* Release */,
			);
			defaultConfigurationIsVisible = 0;
			defaultConfigurationName = Release;
		};
/* End XCConfigurationList section */
	};
	rootObject = B93E444421C38200008ECCEB /* Project object */;
}
